{
  "version": 4,
  "terraform_version": "1.6.2",
  "serial": 43,
  "lineage": "df8bf199-fd1d-2ce5-067b-3679474fab1e",
  "outputs": {
    "mainPageUrl": {
      "value": "https://storage.googleapis.com/my-bucket-edb4ba7c10c101f8/index.html",
      "type": "string"
    },
    "notFoundPageUrl": {
      "value": "https://storage.googleapis.com/my-bucket-edb4ba7c10c101f8/404.html",
      "type": "string"
    }
  },
  "resources": [
    {
      "mode": "managed",
      "type": "google_storage_bucket",
      "name": "my-bucket",
      "provider": "provider[\"registry.terraform.io/hashicorp/google\"]",
      "instances": [
        {
          "schema_version": 1,
          "attributes": {
            "autoclass": [],
            "cors": [],
            "custom_placement_config": [],
            "default_event_based_hold": false,
            "effective_labels": {},
            "enable_object_retention": false,
            "encryption": [],
            "force_destroy": false,
            "id": "my-bucket-edb4ba7c10c101f8",
            "labels": {},
            "lifecycle_rule": [],
            "location": "EU",
            "logging": [],
            "name": "my-bucket-edb4ba7c10c101f8",
            "project": "showcase-404910",
            "public_access_prevention": "inherited",
            "requester_pays": false,
            "retention_policy": [],
            "self_link": "https://www.googleapis.com/storage/v1/b/my-bucket-edb4ba7c10c101f8",
            "storage_class": "STANDARD",
            "terraform_labels": {},
            "timeouts": null,
            "uniform_bucket_level_access": true,
            "url": "gs://my-bucket-edb4ba7c10c101f8",
            "versioning": [],
            "website": [
              {
                "main_page_suffix": "index.html",
                "not_found_page": "404.html"
              }
            ]
          },
          "sensitive_attributes": [],
          "private": "eyJlMmJmYjczMC1lY2FhLTExZTYtOGY4OC0zNDM2M2JjN2M0YzAiOnsiY3JlYXRlIjo2MDAwMDAwMDAwMDAsInJlYWQiOjI0MDAwMDAwMDAwMCwidXBkYXRlIjoyNDAwMDAwMDAwMDB9LCJzY2hlbWFfdmVyc2lvbiI6IjEifQ==",
          "dependencies": [
            "random_id.id"
          ]
        }
      ]
    },
    {
      "mode": "managed",
      "type": "google_storage_bucket_iam_binding",
      "name": "bucket-iam-binding",
      "provider": "provider[\"registry.terraform.io/hashicorp/google\"]",
      "instances": [
        {
          "schema_version": 0,
          "attributes": {
            "bucket": "b/my-bucket-edb4ba7c10c101f8",
            "condition": [],
            "etag": "CAI=",
            "id": "b/my-bucket-edb4ba7c10c101f8/roles/storage.objectViewer",
            "members": [
              "allUsers"
            ],
            "role": "roles/storage.objectViewer"
          },
          "sensitive_attributes": [],
          "private": "bnVsbA==",
          "dependencies": [
            "google_storage_bucket.my-bucket",
            "random_id.id"
          ]
        }
      ]
    },
    {
      "mode": "managed",
      "type": "google_storage_bucket_object",
      "name": "main-page",
      "provider": "provider[\"registry.terraform.io/hashicorp/google\"]",
      "instances": [
        {
          "schema_version": 0,
          "attributes": {
            "bucket": "my-bucket-edb4ba7c10c101f8",
            "cache_control": "public, max-age=1",
            "content": null,
            "content_disposition": "",
            "content_encoding": "",
            "content_language": "",
            "content_type": "text/html; charset=utf-8",
            "crc32c": "ivm2pA==",
            "customer_encryption": [],
            "detect_md5hash": "/uXxVksSQQqq059kHZ0YDg==",
            "event_based_hold": false,
            "id": "my-bucket-edb4ba7c10c101f8-index.html",
            "kms_key_name": "",
            "md5hash": "/uXxVksSQQqq059kHZ0YDg==",
            "media_link": "https://storage.googleapis.com/download/storage/v1/b/my-bucket-edb4ba7c10c101f8/o/index.html?generation=1700045487342844\u0026alt=media",
            "metadata": null,
            "name": "index.html",
            "output_name": "index.html",
            "retention": [],
            "self_link": "https://www.googleapis.com/storage/v1/b/my-bucket-edb4ba7c10c101f8/o/index.html",
            "source": "../app/index.html",
            "storage_class": "STANDARD",
            "temporary_hold": false,
            "timeouts": null
          },
          "sensitive_attributes": [],
          "private": "eyJlMmJmYjczMC1lY2FhLTExZTYtOGY4OC0zNDM2M2JjN2M0YzAiOnsiY3JlYXRlIjoyNDAwMDAwMDAwMDAsImRlbGV0ZSI6MjQwMDAwMDAwMDAwLCJ1cGRhdGUiOjI0MDAwMDAwMDAwMH19",
          "dependencies": [
            "google_storage_bucket.my-bucket",
            "random_id.id"
          ]
        }
      ]
    },
    {
      "mode": "managed",
      "type": "google_storage_bucket_object",
      "name": "not-found-page",
      "provider": "provider[\"registry.terraform.io/hashicorp/google\"]",
      "instances": [
        {
          "schema_version": 0,
          "attributes": {
            "bucket": "my-bucket-edb4ba7c10c101f8",
            "cache_control": "",
            "content": null,
            "content_disposition": "",
            "content_encoding": "",
            "content_language": "",
            "content_type": "text/html; charset=utf-8",
            "crc32c": "rcI6BA==",
            "customer_encryption": [],
            "detect_md5hash": "xwJq2Rb75knla+hwF0qiaw==",
            "event_based_hold": false,
            "id": "my-bucket-edb4ba7c10c101f8-404.html",
            "kms_key_name": "",
            "md5hash": "xwJq2Rb75knla+hwF0qiaw==",
            "media_link": "https://storage.googleapis.com/download/storage/v1/b/my-bucket-edb4ba7c10c101f8/o/404.html?generation=1700045461907884\u0026alt=media",
            "metadata": {},
            "name": "404.html",
            "output_name": "404.html",
            "retention": [],
            "self_link": "https://www.googleapis.com/storage/v1/b/my-bucket-edb4ba7c10c101f8/o/404.html",
            "source": "../app/404.html",
            "storage_class": "STANDARD",
            "temporary_hold": false,
            "timeouts": null
          },
          "sensitive_attributes": [],
          "private": "eyJlMmJmYjczMC1lY2FhLTExZTYtOGY4OC0zNDM2M2JjN2M0YzAiOnsiY3JlYXRlIjoyNDAwMDAwMDAwMDAsImRlbGV0ZSI6MjQwMDAwMDAwMDAwLCJ1cGRhdGUiOjI0MDAwMDAwMDAwMH19",
          "dependencies": [
            "google_storage_bucket.my-bucket",
            "random_id.id"
          ]
        }
      ]
    },
    {
      "mode": "managed",
      "type": "random_id",
      "name": "id",
      "provider": "provider[\"registry.terraform.io/hashicorp/random\"]",
      "instances": [
        {
          "schema_version": 0,
          "attributes": {
            "b64_std": "7bS6fBDBAfg=",
            "b64_url": "7bS6fBDBAfg",
            "byte_length": 8,
            "dec": "17128520324816634360",
            "hex": "edb4ba7c10c101f8",
            "id": "7bS6fBDBAfg",
            "keepers": null,
            "prefix": null
          },
          "sensitive_attributes": []
        }
      ]
    }
  ],
  "check_results": null
}
